{
  "name": "@rounsaville-ai-music-generator/005-interface-websockets",
  "version": "0.1.0",
  "lockfileVersion": 3,
  "requires": true,
  "packages": {
    "": {
      "name": "@rounsaville-ai-music-generator/005-interface-websockets",
      "version": "0.1.0",
      "license": "UNLICENSED"
    }
  }
}
